<?xml version="1.0" encoding="utf-8"?>
<Project ToolsVersion="4.0" xmlns="http://schemas.microsoft.com/developer/msbuild/2003">
  <ItemGroup>
    <Filter Include="Source Files">
      <UniqueIdentifier>{4FC737F1-C7A5-4376-A066-2A32D752A2FF}</UniqueIdentifier>
      <Extensions>cpp;c;cc;cxx;c++;cppm;ixx;def;odl;idl;hpj;bat;asm;asmx</Extensions>
    </Filter>
    <Filter Include="Header Files">
      <UniqueIdentifier>{93995380-89BD-4b04-88EB-625FBE52EBFB}</UniqueIdentifier>
      <Extensions>h;hh;hpp;hxx;h++;hm;inl;inc;ipp;xsd</Extensions>
    </Filter>
    <Filter Include="Resource Files">
      <UniqueIdentifier>{67DA6AB6-F800-4c08-8B7A-83BB121AAD01}</UniqueIdentifier>
      <Extensions>rc;ico;cur;bmp;dlg;rc2;rct;bin;rgs;gif;jpg;jpeg;jpe;resx;tiff;tif;png;wav;mfcribbon-ms</Extensions>
    </Filter>
    <Filter Include="Source Files\Shader">
      <UniqueIdentifier>{3e51eb0f-57cd-41af-b188-06799f93ef78}</UniqueIdentifier>
    </Filter>
    <Filter Include="Textures">
      <UniqueIdentifier>{d1c7c0c4-aabf-4f63-8da7-f4d9e8e2db09}</UniqueIdentifier>
    </Filter>
  </ItemGroup>
  <ItemGroup>
    <ClCompile Include="FrameResource.cpp">
      <Filter>Source Files</Filter>
    </ClCompile>
    <ClCompile Include="Week4-1-ShapesAppUsingDescriptorTable.cpp">
      <Filter>Source Files</Filter>
    </ClCompile>
    <ClCompile Include="Camera.cpp">
      <Filter>Source Files</Filter>
    </ClCompile>
    <ClCompile Include="d3dApp.cpp">
      <Filter>Source Files</Filter>
    </ClCompile>
    <ClCompile Include="d3dUtil.cpp">
      <Filter>Source Files</Filter>
    </ClCompile>
    <ClCompile Include="DDSTextureLoader.cpp">
      <Filter>Source Files</Filter>
    </ClCompile>
    <ClCompile Include="GameTimer.cpp">
      <Filter>Source Files</Filter>
    </ClCompile>
    <ClCompile Include="GeometryGenerator.cpp">
      <Filter>Source Files</Filter>
    </ClCompile>
    <ClCompile Include="MathHelper.cpp">
      <Filter>Source Files</Filter>
    </ClCompile>
    <ClCompile Include="Waves.cpp">
      <Filter>Source Files</Filter>
    </ClCompile>
  </ItemGroup>
  <ItemGroup>
    <ClInclude Include="FrameResource.h">
      <Filter>Source Files</Filter>
    </ClInclude>
    <ClInclude Include="Camera.h">
      <Filter>Source Files</Filter>
    </ClInclude>
    <ClInclude Include="d3dApp.h">
      <Filter>Source Files</Filter>
    </ClInclude>
    <ClInclude Include="d3dUtil.h">
      <Filter>Source Files</Filter>
    </ClInclude>
    <ClInclude Include="d3dx12.h">
      <Filter>Source Files</Filter>
    </ClInclude>
    <ClInclude Include="DDSTextureLoader.h">
      <Filter>Source Files</Filter>
    </ClInclude>
    <ClInclude Include="GameTimer.h">
      <Filter>Source Files</Filter>
    </ClInclude>
    <ClInclude Include="GeometryGenerator.h">
      <Filter>Source Files</Filter>
    </ClInclude>
    <ClInclude Include="MathHelper.h">
      <Filter>Source Files</Filter>
    </ClInclude>
    <ClInclude Include="UploadBuffer.h">
      <Filter>Source Files</Filter>
    </ClInclude>
    <ClInclude Include="Waves.h">
      <Filter>Source Files</Filter>
    </ClInclude>
  </ItemGroup>
  <ItemGroup>
    <FxCompile Include="Shaders\color.hlsl">
      <Filter>Source Files\Shader</Filter>
    </FxCompile>
    <FxCompile Include="Shaders\PS.hlsl">
      <Filter>Source Files\Shader</Filter>
    </FxCompile>
    <FxCompile Include="Shaders\VS.hlsl">
      <Filter>Source Files\Shader</Filter>
    </FxCompile>
    <FxCompile Include="Shaders\PS3.hlsl">
      <Filter>Source Files\Shader</Filter>
    </FxCompile>
    <FxCompile Include="Shaders\VS3.hlsl">
      <Filter>Source Files\Shader</Filter>
    </FxCompile>
  </ItemGroup>
  <ItemGroup>
    <Image Include="..\Textures\bricks.dds">
      <Filter>Textures</Filter>
    </Image>
    <Image Include="..\Textures\bricks_nmap.dds">
      <Filter>Textures</Filter>
    </Image>
    <Image Include="..\Textures\bricks2.dds">
      <Filter>Textures</Filter>
    </Image>
    <Image Include="..\Textures\bricks2_nmap.dds">
      <Filter>Textures</Filter>
    </Image>
    <Image Include="..\Textures\bricks3.dds">
      <Filter>Textures</Filter>
    </Image>
    <Image Include="..\Textures\canada.dds">
      <Filter>Textures</Filter>
    </Image>
    <Image Include="..\Textures\checkboard.dds">
      <Filter>Textures</Filter>
    </Image>
    <Image Include="..\Textures\default_nmap.dds">
      <Filter>Textures</Filter>
    </Image>
    <Image Include="..\Textures\desertcube1024.dds">
      <Filter>Textures</Filter>
    </Image>
    <Image Include="..\Textures\flagArray.dds">
      <Filter>Textures</Filter>
    </Image>
    <Image Include="..\Textures\grass.dds">
      <Filter>Textures</Filter>
    </Image>
    <Image Include="..\Textures\grasscube1024.dds">
      <Filter>Textures</Filter>
    </Image>
    <Image Include="..\Textures\head_diff.dds">
      <Filter>Textures</Filter>
    </Image>
    <Image Include="..\Textures\head_norm.dds">
      <Filter>Textures</Filter>
    </Image>
    <Image Include="..\Textures\ice.dds">
      <Filter>Textures</Filter>
    </Image>
    <Image Include="..\Textures\jacket_diff.dds">
      <Filter>Textures</Filter>
    </Image>
    <Image Include="..\Textures\jacket_norm.dds">
      <Filter>Textures</Filter>
    </Image>
    <Image Include="..\Textures\pants_diff.dds">
      <Filter>Textures</Filter>
    </Image>
    <Image Include="..\Textures\pants_norm.dds">
      <Filter>Textures</Filter>
    </Image>
    <Image Include="..\Textures\snowcube1024.dds">
      <Filter>Textures</Filter>
    </Image>
    <Image Include="..\Textures\stone.dds">
      <Filter>Textures</Filter>
    </Image>
    <Image Include="..\Textures\sunsetcube1024.dds">
      <Filter>Textures</Filter>
    </Image>
    <Image Include="..\Textures\tile.dds">
      <Filter>Textures</Filter>
    </Image>
    <Image Include="..\Textures\tile_nmap.dds">
      <Filter>Textures</Filter>
    </Image>
    <Image Include="..\Textures\tree0.bmp">
      <Filter>Textures</Filter>
    </Image>
    <Image Include="..\Textures\tree01S.dds">
      <Filter>Textures</Filter>
    </Image>
    <Image Include="..\Textures\tree1.bmp">
      <Filter>Textures</Filter>
    </Image>
    <Image Include="..\Textures\tree02S.dds">
      <Filter>Textures</Filter>
    </Image>
    <Image Include="..\Textures\tree2.bmp">
      <Filter>Textures</Filter>
    </Image>
    <Image Include="..\Textures\tree35S.dds">
      <Filter>Textures</Filter>
    </Image>
    <Image Include="..\Textures\treearray.dds">
      <Filter>Textures</Filter>
    </Image>
    <Image Include="..\Textures\treeArray2.dds">
      <Filter>Textures</Filter>
    </Image>
    <Image Include="..\Textures\uk.dds">
      <Filter>Textures</Filter>
    </Image>
    <Image Include="..\Textures\upBody_diff.dds">
      <Filter>Textures</Filter>
    </Image>
    <Image Include="..\Textures\upbody_norm.dds">
      <Filter>Textures</Filter>
    </Image>
    <Image Include="..\Textures\us.dds">
      <Filter>Textures</Filter>
    </Image>
    <Image Include="..\Textures\water1.dds">
      <Filter>Textures</Filter>
    </Image>
    <Image Include="..\Textures\white1x1.dds">
      <Filter>Textures</Filter>
    </Image>
    <Image Include="..\Textures\WireFence.dds">
      <Filter>Textures</Filter>
    </Image>
    <Image Include="..\Textures\WoodCrate01.dds">
      <Filter>Textures</Filter>
    </Image>
    <Image Include="..\Textures\WoodCrate02.dds">
      <Filter>Textures</Filter>
    </Image>
  </ItemGroup>
  <ItemGroup>
    <None Include="..\Textures\texassemble.exe">
      <Filter>Textures</Filter>
    </None>
  </ItemGroup>
</Project>